
Microsoft Visual Studio Solution File, Format Version 12.00
# Visual Studio Version 17
VisualStudioVersion = 17.11.35222.181
MinimumVisualStudioVersion = 10.0.40219.1
Project("{2150E333-8FDC-42A3-9474-1A3956D46DE8}") = "src", "src", "{2404393F-894F-45F0-8E1F-EEAB9E131660}"
EndProject
Project("{2150E333-8FDC-42A3-9474-1A3956D46DE8}") = "tests", "tests", "{9A580786-416E-4C54-BD8B-001E0B4E5B4A}"
EndProject
Project("{2150E333-8FDC-42A3-9474-1A3956D46DE8}") = "presentation", "presentation", "{74F80A3F-7290-42E3-AD4C-5CCAD497BFA8}"
EndProject
Project("{9A19103F-16F7-4668-BE54-9A1E7A4F7556}") = "KantarStore.Domain", "KantarStore.Domain\KantarStore.Domain.csproj", "{D29F9964-915D-4268-86DC-1F6521BD6DFC}"
EndProject
Project("{9A19103F-16F7-4668-BE54-9A1E7A4F7556}") = "KantarStore.Application", "KantarStore.Application\KantarStore.Application.csproj", "{A9F632EF-1A3B-4D14-948B-425A7E4BF268}"
EndProject
Project("{9A19103F-16F7-4668-BE54-9A1E7A4F7556}") = "KantarStore.Infrastructure", "KantarStore.Infrastructure\KantarStore.Infrastructure.csproj", "{1972C639-FC53-45F9-9618-C88A918FB51F}"
EndProject
Project("{9A19103F-16F7-4668-BE54-9A1E7A4F7556}") = "KantarStore.Api", "KantarStore.Api\KantarStore.Api.csproj", "{667C3487-2D36-4844-9A7D-1C4CA4F8E829}"
EndProject
Project("{FAE04EC0-301F-11D3-BF4B-00C04F79EFBC}") = "KantarStore.UnitTests.xUnit", "KantarStore.UnitTests.xUnit\KantarStore.UnitTests.xUnit.csproj", "{8D8E7AF8-48E5-4778-A2BD-2B47F821DCCE}"
EndProject
Project("{FAE04EC0-301F-11D3-BF4B-00C04F79EFBC}") = "KantarStore.IntegrationTests.xUnit", "KantarStore.IntegrationTests.xUnit\KantarStore.IntegrationTests.xUnit.csproj", "{BEBFEEC0-4324-4477-AE04-42C1E5B75CC3}"
EndProject
Global
	GlobalSection(SolutionConfigurationPlatforms) = preSolution
		Debug|Any CPU = Debug|Any CPU
		Release|Any CPU = Release|Any CPU
	EndGlobalSection
	GlobalSection(ProjectConfigurationPlatforms) = postSolution
		{D29F9964-915D-4268-86DC-1F6521BD6DFC}.Debug|Any CPU.ActiveCfg = Debug|Any CPU
		{D29F9964-915D-4268-86DC-1F6521BD6DFC}.Debug|Any CPU.Build.0 = Debug|Any CPU
		{D29F9964-915D-4268-86DC-1F6521BD6DFC}.Release|Any CPU.ActiveCfg = Release|Any CPU
		{D29F9964-915D-4268-86DC-1F6521BD6DFC}.Release|Any CPU.Build.0 = Release|Any CPU
		{A9F632EF-1A3B-4D14-948B-425A7E4BF268}.Debug|Any CPU.ActiveCfg = Debug|Any CPU
		{A9F632EF-1A3B-4D14-948B-425A7E4BF268}.Debug|Any CPU.Build.0 = Debug|Any CPU
		{A9F632EF-1A3B-4D14-948B-425A7E4BF268}.Release|Any CPU.ActiveCfg = Release|Any CPU
		{A9F632EF-1A3B-4D14-948B-425A7E4BF268}.Release|Any CPU.Build.0 = Release|Any CPU
		{1972C639-FC53-45F9-9618-C88A918FB51F}.Debug|Any CPU.ActiveCfg = Debug|Any CPU
		{1972C639-FC53-45F9-9618-C88A918FB51F}.Debug|Any CPU.Build.0 = Debug|Any CPU
		{1972C639-FC53-45F9-9618-C88A918FB51F}.Release|Any CPU.ActiveCfg = Release|Any CPU
		{1972C639-FC53-45F9-9618-C88A918FB51F}.Release|Any CPU.Build.0 = Release|Any CPU
		{667C3487-2D36-4844-9A7D-1C4CA4F8E829}.Debug|Any CPU.ActiveCfg = Debug|Any CPU
		{667C3487-2D36-4844-9A7D-1C4CA4F8E829}.Debug|Any CPU.Build.0 = Debug|Any CPU
		{667C3487-2D36-4844-9A7D-1C4CA4F8E829}.Release|Any CPU.ActiveCfg = Release|Any CPU
		{667C3487-2D36-4844-9A7D-1C4CA4F8E829}.Release|Any CPU.Build.0 = Release|Any CPU
		{8D8E7AF8-48E5-4778-A2BD-2B47F821DCCE}.Debug|Any CPU.ActiveCfg = Debug|Any CPU
		{8D8E7AF8-48E5-4778-A2BD-2B47F821DCCE}.Debug|Any CPU.Build.0 = Debug|Any CPU
		{8D8E7AF8-48E5-4778-A2BD-2B47F821DCCE}.Release|Any CPU.ActiveCfg = Release|Any CPU
		{8D8E7AF8-48E5-4778-A2BD-2B47F821DCCE}.Release|Any CPU.Build.0 = Release|Any CPU
		{BEBFEEC0-4324-4477-AE04-42C1E5B75CC3}.Debug|Any CPU.ActiveCfg = Debug|Any CPU
		{BEBFEEC0-4324-4477-AE04-42C1E5B75CC3}.Debug|Any CPU.Build.0 = Debug|Any CPU
		{BEBFEEC0-4324-4477-AE04-42C1E5B75CC3}.Release|Any CPU.ActiveCfg = Release|Any CPU
		{BEBFEEC0-4324-4477-AE04-42C1E5B75CC3}.Release|Any CPU.Build.0 = Release|Any CPU
	EndGlobalSection
	GlobalSection(SolutionProperties) = preSolution
		HideSolutionNode = FALSE
	EndGlobalSection
	GlobalSection(NestedProjects) = preSolution
		{74F80A3F-7290-42E3-AD4C-5CCAD497BFA8} = {2404393F-894F-45F0-8E1F-EEAB9E131660}
		{D29F9964-915D-4268-86DC-1F6521BD6DFC} = {2404393F-894F-45F0-8E1F-EEAB9E131660}
		{A9F632EF-1A3B-4D14-948B-425A7E4BF268} = {2404393F-894F-45F0-8E1F-EEAB9E131660}
		{1972C639-FC53-45F9-9618-C88A918FB51F} = {2404393F-894F-45F0-8E1F-EEAB9E131660}
		{667C3487-2D36-4844-9A7D-1C4CA4F8E829} = {74F80A3F-7290-42E3-AD4C-5CCAD497BFA8}
		{8D8E7AF8-48E5-4778-A2BD-2B47F821DCCE} = {9A580786-416E-4C54-BD8B-001E0B4E5B4A}
		{BEBFEEC0-4324-4477-AE04-42C1E5B75CC3} = {9A580786-416E-4C54-BD8B-001E0B4E5B4A}
	EndGlobalSection
	GlobalSection(ExtensibilityGlobals) = postSolution
		SolutionGuid = {44C2A714-0FE2-4984-80AE-FF8430ADD6E8}
	EndGlobalSection
EndGlobal
