
Microsoft Visual Studio Solution File, Format Version 12.00
# Visual Studio Version 17
VisualStudioVersion = 17.11.35222.181
MinimumVisualStudioVersion = 10.0.40219.1
Project("{2150E333-8FDC-42A3-9474-1A3956D46DE8}") = "src", "src", "{2404393F-894F-45F0-8E1F-EEAB9E131660}"
EndProject
Project("{2150E333-8FDC-42A3-9474-1A3956D46DE8}") = "tests", "tests", "{9A580786-416E-4C54-BD8B-001E0B4E5B4A}"
EndProject
Project("{2150E333-8FDC-42A3-9474-1A3956D46DE8}") = "presentation", "presentation", "{74F80A3F-7290-42E3-AD4C-5CCAD497BFA8}"
EndProject
Project("{9A19103F-16F7-4668-BE54-9A1E7A4F7556}") = "KantarStore.Domain", "KantarStore.Domain\KantarStore.Domain.csproj", "{D29F9964-915D-4268-86DC-1F6521BD6DFC}"
EndProject
Project("{9A19103F-16F7-4668-BE54-9A1E7A4F7556}") = "KantarStore.Application", "KantarStore.Application\KantarStore.Application.csproj", "{A9F632EF-1A3B-4D14-948B-425A7E4BF268}"
EndProject
Project("{9A19103F-16F7-4668-BE54-9A1E7A4F7556}") = "KantarStore.Infrastructure", "KantarStore.Infrastructure\KantarStore.Infrastructure.csproj", "{1972C639-FC53-45F9-9618-C88A918FB51F}"
EndProject
Project("{9A19103F-16F7-4668-BE54-9A1E7A4F7556}") = "KantarStore.Api", "KantarStore.Api\KantarStore.Api.csproj", "{667C3487-2D36-4844-9A7D-1C4CA4F8E829}"
EndProject
Project("{54A90642-561A-4BB1-A94E-469ADEE60C69}") = "KantarStore.App", "KantarStore.App\KantarStore.App.esproj", "{44D2456F-57F4-4508-94CD-83876F53C6E9}"
EndProject
Project("{FAE04EC0-301F-11D3-BF4B-00C04F79EFBC}") = "KantarStore.UnitTests", "KantarStore.UnitTests\KantarStore.UnitTests.csproj", "{4DBDC5EC-C235-4907-992A-9D6631B7A258}"
EndProject
Project("{FAE04EC0-301F-11D3-BF4B-00C04F79EFBC}") = "KantarStore.IntegrationTests", "KantarStore.IntegrationTests\KantarStore.IntegrationTests.csproj", "{573F1D13-6E40-4357-B340-72FD5DFC030C}"
EndProject
Project("{FAE04EC0-301F-11D3-BF4B-00C04F79EFBC}") = "KantarStore.FuncionalTests", "KantarStore.FuncionalTests\KantarStore.FuncionalTests.csproj", "{749466E9-A6A5-4BC5-B8C0-C6354372A532}"
EndProject
Global
	GlobalSection(SolutionConfigurationPlatforms) = preSolution
		Debug|Any CPU = Debug|Any CPU
		Release|Any CPU = Release|Any CPU
	EndGlobalSection
	GlobalSection(ProjectConfigurationPlatforms) = postSolution
		{D29F9964-915D-4268-86DC-1F6521BD6DFC}.Debug|Any CPU.ActiveCfg = Debug|Any CPU
		{D29F9964-915D-4268-86DC-1F6521BD6DFC}.Debug|Any CPU.Build.0 = Debug|Any CPU
		{D29F9964-915D-4268-86DC-1F6521BD6DFC}.Release|Any CPU.ActiveCfg = Release|Any CPU
		{D29F9964-915D-4268-86DC-1F6521BD6DFC}.Release|Any CPU.Build.0 = Release|Any CPU
		{A9F632EF-1A3B-4D14-948B-425A7E4BF268}.Debug|Any CPU.ActiveCfg = Debug|Any CPU
		{A9F632EF-1A3B-4D14-948B-425A7E4BF268}.Debug|Any CPU.Build.0 = Debug|Any CPU
		{A9F632EF-1A3B-4D14-948B-425A7E4BF268}.Release|Any CPU.ActiveCfg = Release|Any CPU
		{A9F632EF-1A3B-4D14-948B-425A7E4BF268}.Release|Any CPU.Build.0 = Release|Any CPU
		{1972C639-FC53-45F9-9618-C88A918FB51F}.Debug|Any CPU.ActiveCfg = Debug|Any CPU
		{1972C639-FC53-45F9-9618-C88A918FB51F}.Debug|Any CPU.Build.0 = Debug|Any CPU
		{1972C639-FC53-45F9-9618-C88A918FB51F}.Release|Any CPU.ActiveCfg = Release|Any CPU
		{1972C639-FC53-45F9-9618-C88A918FB51F}.Release|Any CPU.Build.0 = Release|Any CPU
		{667C3487-2D36-4844-9A7D-1C4CA4F8E829}.Debug|Any CPU.ActiveCfg = Debug|Any CPU
		{667C3487-2D36-4844-9A7D-1C4CA4F8E829}.Debug|Any CPU.Build.0 = Debug|Any CPU
		{667C3487-2D36-4844-9A7D-1C4CA4F8E829}.Release|Any CPU.ActiveCfg = Release|Any CPU
		{667C3487-2D36-4844-9A7D-1C4CA4F8E829}.Release|Any CPU.Build.0 = Release|Any CPU
		{44D2456F-57F4-4508-94CD-83876F53C6E9}.Debug|Any CPU.ActiveCfg = Debug|Any CPU
		{44D2456F-57F4-4508-94CD-83876F53C6E9}.Debug|Any CPU.Build.0 = Debug|Any CPU
		{44D2456F-57F4-4508-94CD-83876F53C6E9}.Debug|Any CPU.Deploy.0 = Debug|Any CPU
		{44D2456F-57F4-4508-94CD-83876F53C6E9}.Release|Any CPU.ActiveCfg = Release|Any CPU
		{44D2456F-57F4-4508-94CD-83876F53C6E9}.Release|Any CPU.Build.0 = Release|Any CPU
		{44D2456F-57F4-4508-94CD-83876F53C6E9}.Release|Any CPU.Deploy.0 = Release|Any CPU
		{4DBDC5EC-C235-4907-992A-9D6631B7A258}.Debug|Any CPU.ActiveCfg = Debug|Any CPU
		{4DBDC5EC-C235-4907-992A-9D6631B7A258}.Debug|Any CPU.Build.0 = Debug|Any CPU
		{4DBDC5EC-C235-4907-992A-9D6631B7A258}.Release|Any CPU.ActiveCfg = Release|Any CPU
		{4DBDC5EC-C235-4907-992A-9D6631B7A258}.Release|Any CPU.Build.0 = Release|Any CPU
		{573F1D13-6E40-4357-B340-72FD5DFC030C}.Debug|Any CPU.ActiveCfg = Debug|Any CPU
		{573F1D13-6E40-4357-B340-72FD5DFC030C}.Debug|Any CPU.Build.0 = Debug|Any CPU
		{573F1D13-6E40-4357-B340-72FD5DFC030C}.Release|Any CPU.ActiveCfg = Release|Any CPU
		{573F1D13-6E40-4357-B340-72FD5DFC030C}.Release|Any CPU.Build.0 = Release|Any CPU
		{749466E9-A6A5-4BC5-B8C0-C6354372A532}.Debug|Any CPU.ActiveCfg = Debug|Any CPU
		{749466E9-A6A5-4BC5-B8C0-C6354372A532}.Debug|Any CPU.Build.0 = Debug|Any CPU
		{749466E9-A6A5-4BC5-B8C0-C6354372A532}.Release|Any CPU.ActiveCfg = Release|Any CPU
		{749466E9-A6A5-4BC5-B8C0-C6354372A532}.Release|Any CPU.Build.0 = Release|Any CPU
	EndGlobalSection
	GlobalSection(SolutionProperties) = preSolution
		HideSolutionNode = FALSE
	EndGlobalSection
	GlobalSection(NestedProjects) = preSolution
		{74F80A3F-7290-42E3-AD4C-5CCAD497BFA8} = {2404393F-894F-45F0-8E1F-EEAB9E131660}
		{D29F9964-915D-4268-86DC-1F6521BD6DFC} = {2404393F-894F-45F0-8E1F-EEAB9E131660}
		{A9F632EF-1A3B-4D14-948B-425A7E4BF268} = {2404393F-894F-45F0-8E1F-EEAB9E131660}
		{1972C639-FC53-45F9-9618-C88A918FB51F} = {2404393F-894F-45F0-8E1F-EEAB9E131660}
		{667C3487-2D36-4844-9A7D-1C4CA4F8E829} = {74F80A3F-7290-42E3-AD4C-5CCAD497BFA8}
		{44D2456F-57F4-4508-94CD-83876F53C6E9} = {74F80A3F-7290-42E3-AD4C-5CCAD497BFA8}
		{4DBDC5EC-C235-4907-992A-9D6631B7A258} = {9A580786-416E-4C54-BD8B-001E0B4E5B4A}
		{573F1D13-6E40-4357-B340-72FD5DFC030C} = {9A580786-416E-4C54-BD8B-001E0B4E5B4A}
		{749466E9-A6A5-4BC5-B8C0-C6354372A532} = {9A580786-416E-4C54-BD8B-001E0B4E5B4A}
	EndGlobalSection
	GlobalSection(ExtensibilityGlobals) = postSolution
		SolutionGuid = {44C2A714-0FE2-4984-80AE-FF8430ADD6E8}
	EndGlobalSection
EndGlobal
